
Microsoft Visual Studio Solution File, Format Version 12.00
# Visual Studio Version 16
VisualStudioVersion = 16.0.31112.23
MinimumVisualStudioVersion = 10.0.40219.1
Project("{9A19103F-16F7-4668-BE54-9A1E7A4F7556}") = "MaxV.Base", "MaxV.Base\MaxV.Base.csproj", "{45A20B19-9046-4D40-8D8B-78BD5F532BBC}"
EndProject
Global
	GlobalSection(SolutionConfigurationPlatforms) = preSolution
		Debug|Any CPU = Debug|Any CPU
		Release|Any CPU = Release|Any CPU
	EndGlobalSection
	GlobalSection(ProjectConfigurationPlatforms) = postSolution
		{45A20B19-9046-4D40-8D8B-78BD5F532BBC}.Debug|Any CPU.ActiveCfg = Debug|Any CPU
		{45A20B19-9046-4D40-8D8B-78BD5F532BBC}.Debug|Any CPU.Build.0 = Debug|Any CPU
		{45A20B19-9046-4D40-8D8B-78BD5F532BBC}.Release|Any CPU.ActiveCfg = Release|Any CPU
		{45A20B19-9046-4D40-8D8B-78BD5F532BBC}.Release|Any CPU.Build.0 = Release|Any CPU
	EndGlobalSection
	GlobalSection(SolutionProperties) = preSolution
		HideSolutionNode = FALSE
	EndGlobalSection
	GlobalSection(ExtensibilityGlobals) = postSolution
		SolutionGuid = {984CA91D-8590-49FD-A650-BAB47EEDCB71}
	EndGlobalSection
EndGlobal
